
Microsoft Visual Studio Solution File, Format Version 11.00
# Visual Studio 2010
Project("{2150E333-8FDC-42A3-9474-1A3956D46DE8}") = "Solution Items", "Solution Items", "{03F8E121-DD20-425B-BFB2-1DAC7EE9E81C}"
	ProjectSection(SolutionItems) = preProject
		Local.testsettings = Local.testsettings
		test.vsmdi = test.vsmdi
		TraceAndTestImpact.testsettings = TraceAndTestImpact.testsettings
	EndProjectSection
EndProject
Project("{FAE04EC0-301F-11D3-BF4B-00C04F79EFBC}") = "EveTrader.Core", "EveTrader.Core\EveTrader.Core.csproj", "{AF60FE10-88C7-499F-86F3-7078BF22C156}"
EndProject
Project("{FAE04EC0-301F-11D3-BF4B-00C04F79EFBC}") = "EveTrader.Core.Test", "EveTrader.Core.Test\EveTrader.Core.Test.csproj", "{701A4AD2-9A50-46AA-A7E8-0CD659EBCE0B}"
EndProject
Project("{FAE04EC0-301F-11D3-BF4B-00C04F79EFBC}") = "EveTrader.Core.DataConverter", "EveTrader.Core.DataConverter\EveTrader.Core.DataConverter.csproj", "{FDA2F329-9062-48A2-AE08-65A3DEFC226B}"
EndProject
Project("{FAE04EC0-301F-11D3-BF4B-00C04F79EFBC}") = "EveTrader.Core.DataConverter.Test", "EveTrader.Core.DataConverter.Test\EveTrader.Core.DataConverter.Test.csproj", "{F21709ED-82F8-41EF-9041-8C5A867C6534}"
EndProject
Project("{FAE04EC0-301F-11D3-BF4B-00C04F79EFBC}") = "EveTrader.Wpf", "EveTrader.Wpf\EveTrader.Wpf.csproj", "{EF465469-220C-4CDF-918D-07F7EFBA3794}"
EndProject
Project("{FAE04EC0-301F-11D3-BF4B-00C04F79EFBC}") = "WpfApplicationFramework", "..\..\Assembly\WpfApplicationFramework-1.0.0.90\WpfApplicationFramework\WpfApplicationFramework\WpfApplicationFramework\WpfApplicationFramework.csproj", "{27B67DFE-0BF1-4435-B036-E4C083EAEA03}"
EndProject
Project("{8BC9CEB8-8B4A-11D0-8D11-00A0C91BC942}") = "libevecache", "libevecache\libevecache.vcxproj", "{3546F283-32F8-4508-9632-AF0431B933C9}"
EndProject
Project("{FAE04EC0-301F-11D3-BF4B-00C04F79EFBC}") = "GoogleCode", "GoogleCode\GoogleCode.csproj", "{05CCA60D-DD51-41B1-89A0-9D4A2C7202FF}"
EndProject
Project("{FAE04EC0-301F-11D3-BF4B-00C04F79EFBC}") = "GoogleCode.Test", "GoogleCode.Test\GoogleCode.Test.csproj", "{51FD5B57-0C8A-4DDD-BCF2-21E700AEA060}"
EndProject
Project("{FAE04EC0-301F-11D3-BF4B-00C04F79EFBC}") = "EveTrader.Updater", "EveTrader.Updater\EveTrader.Updater.csproj", "{DBD8E6B9-D66C-402B-BC22-4BC5E027DEF9}"
EndProject
Project("{FAE04EC0-301F-11D3-BF4B-00C04F79EFBC}") = "ClassExtenders", "ClassExtenders\ClassExtenders.csproj", "{8439287F-C3AC-4B3E-96D4-29EDB08F7FB3}"
EndProject
Project("{FAE04EC0-301F-11D3-BF4B-00C04F79EFBC}") = "EveTrader.Updater.Test", "EveTrader.Updater.Test\EveTrader.Updater.Test.csproj", "{CFC4E35F-65A1-4045-9DAA-7E379F309E03}"
EndProject
Global
	GlobalSection(TestCaseManagementSettings) = postSolution
		CategoryFile = test.vsmdi
	EndGlobalSection
	GlobalSection(SolutionConfigurationPlatforms) = preSolution
		Debug|Any CPU = Debug|Any CPU
		Debug|Mixed Platforms = Debug|Mixed Platforms
		Debug|Win32 = Debug|Win32
		Release|Any CPU = Release|Any CPU
		Release|Mixed Platforms = Release|Mixed Platforms
		Release|Win32 = Release|Win32
	EndGlobalSection
	GlobalSection(ProjectConfigurationPlatforms) = postSolution
		{AF60FE10-88C7-499F-86F3-7078BF22C156}.Debug|Any CPU.ActiveCfg = Debug|Any CPU
		{AF60FE10-88C7-499F-86F3-7078BF22C156}.Debug|Any CPU.Build.0 = Debug|Any CPU
		{AF60FE10-88C7-499F-86F3-7078BF22C156}.Debug|Mixed Platforms.ActiveCfg = Debug|Any CPU
		{AF60FE10-88C7-499F-86F3-7078BF22C156}.Debug|Mixed Platforms.Build.0 = Debug|Any CPU
		{AF60FE10-88C7-499F-86F3-7078BF22C156}.Debug|Win32.ActiveCfg = Debug|Any CPU
		{AF60FE10-88C7-499F-86F3-7078BF22C156}.Release|Any CPU.ActiveCfg = Release|Any CPU
		{AF60FE10-88C7-499F-86F3-7078BF22C156}.Release|Any CPU.Build.0 = Release|Any CPU
		{AF60FE10-88C7-499F-86F3-7078BF22C156}.Release|Mixed Platforms.ActiveCfg = Release|Any CPU
		{AF60FE10-88C7-499F-86F3-7078BF22C156}.Release|Mixed Platforms.Build.0 = Release|Any CPU
		{AF60FE10-88C7-499F-86F3-7078BF22C156}.Release|Win32.ActiveCfg = Release|Any CPU
		{701A4AD2-9A50-46AA-A7E8-0CD659EBCE0B}.Debug|Any CPU.ActiveCfg = Debug|Any CPU
		{701A4AD2-9A50-46AA-A7E8-0CD659EBCE0B}.Debug|Any CPU.Build.0 = Debug|Any CPU
		{701A4AD2-9A50-46AA-A7E8-0CD659EBCE0B}.Debug|Mixed Platforms.ActiveCfg = Debug|Any CPU
		{701A4AD2-9A50-46AA-A7E8-0CD659EBCE0B}.Debug|Mixed Platforms.Build.0 = Debug|Any CPU
		{701A4AD2-9A50-46AA-A7E8-0CD659EBCE0B}.Debug|Win32.ActiveCfg = Debug|Any CPU
		{701A4AD2-9A50-46AA-A7E8-0CD659EBCE0B}.Release|Any CPU.ActiveCfg = Release|Any CPU
		{701A4AD2-9A50-46AA-A7E8-0CD659EBCE0B}.Release|Any CPU.Build.0 = Release|Any CPU
		{701A4AD2-9A50-46AA-A7E8-0CD659EBCE0B}.Release|Mixed Platforms.ActiveCfg = Release|Any CPU
		{701A4AD2-9A50-46AA-A7E8-0CD659EBCE0B}.Release|Mixed Platforms.Build.0 = Release|Any CPU
		{701A4AD2-9A50-46AA-A7E8-0CD659EBCE0B}.Release|Win32.ActiveCfg = Release|Any CPU
		{FDA2F329-9062-48A2-AE08-65A3DEFC226B}.Debug|Any CPU.ActiveCfg = Debug|Any CPU
		{FDA2F329-9062-48A2-AE08-65A3DEFC226B}.Debug|Any CPU.Build.0 = Debug|Any CPU
		{FDA2F329-9062-48A2-AE08-65A3DEFC226B}.Debug|Mixed Platforms.ActiveCfg = Debug|Any CPU
		{FDA2F329-9062-48A2-AE08-65A3DEFC226B}.Debug|Mixed Platforms.Build.0 = Debug|Any CPU
		{FDA2F329-9062-48A2-AE08-65A3DEFC226B}.Debug|Win32.ActiveCfg = Debug|Any CPU
		{FDA2F329-9062-48A2-AE08-65A3DEFC226B}.Release|Any CPU.ActiveCfg = Release|Any CPU
		{FDA2F329-9062-48A2-AE08-65A3DEFC226B}.Release|Any CPU.Build.0 = Release|Any CPU
		{FDA2F329-9062-48A2-AE08-65A3DEFC226B}.Release|Mixed Platforms.ActiveCfg = Release|Any CPU
		{FDA2F329-9062-48A2-AE08-65A3DEFC226B}.Release|Mixed Platforms.Build.0 = Release|Any CPU
		{FDA2F329-9062-48A2-AE08-65A3DEFC226B}.Release|Win32.ActiveCfg = Release|Any CPU
		{F21709ED-82F8-41EF-9041-8C5A867C6534}.Debug|Any CPU.ActiveCfg = Debug|Any CPU
		{F21709ED-82F8-41EF-9041-8C5A867C6534}.Debug|Any CPU.Build.0 = Debug|Any CPU
		{F21709ED-82F8-41EF-9041-8C5A867C6534}.Debug|Mixed Platforms.ActiveCfg = Debug|Any CPU
		{F21709ED-82F8-41EF-9041-8C5A867C6534}.Debug|Mixed Platforms.Build.0 = Debug|Any CPU
		{F21709ED-82F8-41EF-9041-8C5A867C6534}.Debug|Win32.ActiveCfg = Debug|Any CPU
		{F21709ED-82F8-41EF-9041-8C5A867C6534}.Release|Any CPU.ActiveCfg = Release|Any CPU
		{F21709ED-82F8-41EF-9041-8C5A867C6534}.Release|Any CPU.Build.0 = Release|Any CPU
		{F21709ED-82F8-41EF-9041-8C5A867C6534}.Release|Mixed Platforms.ActiveCfg = Release|Any CPU
		{F21709ED-82F8-41EF-9041-8C5A867C6534}.Release|Mixed Platforms.Build.0 = Release|Any CPU
		{F21709ED-82F8-41EF-9041-8C5A867C6534}.Release|Win32.ActiveCfg = Release|Any CPU
		{EF465469-220C-4CDF-918D-07F7EFBA3794}.Debug|Any CPU.ActiveCfg = Debug|Any CPU
		{EF465469-220C-4CDF-918D-07F7EFBA3794}.Debug|Any CPU.Build.0 = Debug|Any CPU
		{EF465469-220C-4CDF-918D-07F7EFBA3794}.Debug|Mixed Platforms.ActiveCfg = Debug|Any CPU
		{EF465469-220C-4CDF-918D-07F7EFBA3794}.Debug|Mixed Platforms.Build.0 = Debug|Any CPU
		{EF465469-220C-4CDF-918D-07F7EFBA3794}.Debug|Win32.ActiveCfg = Debug|Any CPU
		{EF465469-220C-4CDF-918D-07F7EFBA3794}.Release|Any CPU.ActiveCfg = Release|Any CPU
		{EF465469-220C-4CDF-918D-07F7EFBA3794}.Release|Any CPU.Build.0 = Release|Any CPU
		{EF465469-220C-4CDF-918D-07F7EFBA3794}.Release|Mixed Platforms.ActiveCfg = Release|Any CPU
		{EF465469-220C-4CDF-918D-07F7EFBA3794}.Release|Mixed Platforms.Build.0 = Release|Any CPU
		{EF465469-220C-4CDF-918D-07F7EFBA3794}.Release|Win32.ActiveCfg = Release|Any CPU
		{27B67DFE-0BF1-4435-B036-E4C083EAEA03}.Debug|Any CPU.ActiveCfg = Debug|Any CPU
		{27B67DFE-0BF1-4435-B036-E4C083EAEA03}.Debug|Any CPU.Build.0 = Debug|Any CPU
		{27B67DFE-0BF1-4435-B036-E4C083EAEA03}.Debug|Mixed Platforms.ActiveCfg = Debug|Any CPU
		{27B67DFE-0BF1-4435-B036-E4C083EAEA03}.Debug|Mixed Platforms.Build.0 = Debug|Any CPU
		{27B67DFE-0BF1-4435-B036-E4C083EAEA03}.Debug|Win32.ActiveCfg = Debug|Any CPU
		{27B67DFE-0BF1-4435-B036-E4C083EAEA03}.Release|Any CPU.ActiveCfg = Debug|Any CPU
		{27B67DFE-0BF1-4435-B036-E4C083EAEA03}.Release|Any CPU.Build.0 = Debug|Any CPU
		{27B67DFE-0BF1-4435-B036-E4C083EAEA03}.Release|Mixed Platforms.ActiveCfg = Release|Any CPU
		{27B67DFE-0BF1-4435-B036-E4C083EAEA03}.Release|Mixed Platforms.Build.0 = Release|Any CPU
		{27B67DFE-0BF1-4435-B036-E4C083EAEA03}.Release|Win32.ActiveCfg = Release|Any CPU
		{3546F283-32F8-4508-9632-AF0431B933C9}.Debug|Any CPU.ActiveCfg = Debug|Win32
		{3546F283-32F8-4508-9632-AF0431B933C9}.Debug|Mixed Platforms.ActiveCfg = Debug|Win32
		{3546F283-32F8-4508-9632-AF0431B933C9}.Debug|Mixed Platforms.Build.0 = Debug|Win32
		{3546F283-32F8-4508-9632-AF0431B933C9}.Debug|Win32.ActiveCfg = Debug|Win32
		{3546F283-32F8-4508-9632-AF0431B933C9}.Debug|Win32.Build.0 = Debug|Win32
		{3546F283-32F8-4508-9632-AF0431B933C9}.Release|Any CPU.ActiveCfg = Release|Win32
		{3546F283-32F8-4508-9632-AF0431B933C9}.Release|Mixed Platforms.ActiveCfg = Release|Win32
		{3546F283-32F8-4508-9632-AF0431B933C9}.Release|Mixed Platforms.Build.0 = Release|Win32
		{3546F283-32F8-4508-9632-AF0431B933C9}.Release|Win32.ActiveCfg = Release|Win32
		{3546F283-32F8-4508-9632-AF0431B933C9}.Release|Win32.Build.0 = Release|Win32
		{05CCA60D-DD51-41B1-89A0-9D4A2C7202FF}.Debug|Any CPU.ActiveCfg = Debug|Any CPU
		{05CCA60D-DD51-41B1-89A0-9D4A2C7202FF}.Debug|Any CPU.Build.0 = Debug|Any CPU
		{05CCA60D-DD51-41B1-89A0-9D4A2C7202FF}.Debug|Mixed Platforms.ActiveCfg = Debug|Any CPU
		{05CCA60D-DD51-41B1-89A0-9D4A2C7202FF}.Debug|Mixed Platforms.Build.0 = Debug|Any CPU
		{05CCA60D-DD51-41B1-89A0-9D4A2C7202FF}.Debug|Win32.ActiveCfg = Debug|Any CPU
		{05CCA60D-DD51-41B1-89A0-9D4A2C7202FF}.Release|Any CPU.ActiveCfg = Release|Any CPU
		{05CCA60D-DD51-41B1-89A0-9D4A2C7202FF}.Release|Any CPU.Build.0 = Release|Any CPU
		{05CCA60D-DD51-41B1-89A0-9D4A2C7202FF}.Release|Mixed Platforms.ActiveCfg = Release|Any CPU
		{05CCA60D-DD51-41B1-89A0-9D4A2C7202FF}.Release|Mixed Platforms.Build.0 = Release|Any CPU
		{05CCA60D-DD51-41B1-89A0-9D4A2C7202FF}.Release|Win32.ActiveCfg = Release|Any CPU
		{51FD5B57-0C8A-4DDD-BCF2-21E700AEA060}.Debug|Any CPU.ActiveCfg = Debug|Any CPU
		{51FD5B57-0C8A-4DDD-BCF2-21E700AEA060}.Debug|Any CPU.Build.0 = Debug|Any CPU
		{51FD5B57-0C8A-4DDD-BCF2-21E700AEA060}.Debug|Mixed Platforms.ActiveCfg = Debug|Any CPU
		{51FD5B57-0C8A-4DDD-BCF2-21E700AEA060}.Debug|Mixed Platforms.Build.0 = Debug|Any CPU
		{51FD5B57-0C8A-4DDD-BCF2-21E700AEA060}.Debug|Win32.ActiveCfg = Debug|Any CPU
		{51FD5B57-0C8A-4DDD-BCF2-21E700AEA060}.Release|Any CPU.ActiveCfg = Release|Any CPU
		{51FD5B57-0C8A-4DDD-BCF2-21E700AEA060}.Release|Any CPU.Build.0 = Release|Any CPU
		{51FD5B57-0C8A-4DDD-BCF2-21E700AEA060}.Release|Mixed Platforms.ActiveCfg = Release|Any CPU
		{51FD5B57-0C8A-4DDD-BCF2-21E700AEA060}.Release|Mixed Platforms.Build.0 = Release|Any CPU
		{51FD5B57-0C8A-4DDD-BCF2-21E700AEA060}.Release|Win32.ActiveCfg = Release|Any CPU
		{DBD8E6B9-D66C-402B-BC22-4BC5E027DEF9}.Debug|Any CPU.ActiveCfg = Debug|Any CPU
		{DBD8E6B9-D66C-402B-BC22-4BC5E027DEF9}.Debug|Any CPU.Build.0 = Debug|Any CPU
		{DBD8E6B9-D66C-402B-BC22-4BC5E027DEF9}.Debug|Mixed Platforms.ActiveCfg = Debug|Any CPU
		{DBD8E6B9-D66C-402B-BC22-4BC5E027DEF9}.Debug|Mixed Platforms.Build.0 = Debug|Any CPU
		{DBD8E6B9-D66C-402B-BC22-4BC5E027DEF9}.Debug|Win32.ActiveCfg = Debug|Any CPU
		{DBD8E6B9-D66C-402B-BC22-4BC5E027DEF9}.Release|Any CPU.ActiveCfg = Release|Any CPU
		{DBD8E6B9-D66C-402B-BC22-4BC5E027DEF9}.Release|Any CPU.Build.0 = Release|Any CPU
		{DBD8E6B9-D66C-402B-BC22-4BC5E027DEF9}.Release|Mixed Platforms.ActiveCfg = Release|Any CPU
		{DBD8E6B9-D66C-402B-BC22-4BC5E027DEF9}.Release|Mixed Platforms.Build.0 = Release|Any CPU
		{DBD8E6B9-D66C-402B-BC22-4BC5E027DEF9}.Release|Win32.ActiveCfg = Release|Any CPU
		{8439287F-C3AC-4B3E-96D4-29EDB08F7FB3}.Debug|Any CPU.ActiveCfg = Debug|Any CPU
		{8439287F-C3AC-4B3E-96D4-29EDB08F7FB3}.Debug|Any CPU.Build.0 = Debug|Any CPU
		{8439287F-C3AC-4B3E-96D4-29EDB08F7FB3}.Debug|Mixed Platforms.ActiveCfg = Debug|Any CPU
		{8439287F-C3AC-4B3E-96D4-29EDB08F7FB3}.Debug|Mixed Platforms.Build.0 = Debug|Any CPU
		{8439287F-C3AC-4B3E-96D4-29EDB08F7FB3}.Debug|Win32.ActiveCfg = Debug|Any CPU
		{8439287F-C3AC-4B3E-96D4-29EDB08F7FB3}.Release|Any CPU.ActiveCfg = Release|Any CPU
		{8439287F-C3AC-4B3E-96D4-29EDB08F7FB3}.Release|Any CPU.Build.0 = Release|Any CPU
		{8439287F-C3AC-4B3E-96D4-29EDB08F7FB3}.Release|Mixed Platforms.ActiveCfg = Release|Any CPU
		{8439287F-C3AC-4B3E-96D4-29EDB08F7FB3}.Release|Mixed Platforms.Build.0 = Release|Any CPU
		{8439287F-C3AC-4B3E-96D4-29EDB08F7FB3}.Release|Win32.ActiveCfg = Release|Any CPU
		{CFC4E35F-65A1-4045-9DAA-7E379F309E03}.Debug|Any CPU.ActiveCfg = Debug|Any CPU
		{CFC4E35F-65A1-4045-9DAA-7E379F309E03}.Debug|Any CPU.Build.0 = Debug|Any CPU
		{CFC4E35F-65A1-4045-9DAA-7E379F309E03}.Debug|Mixed Platforms.ActiveCfg = Debug|Any CPU
		{CFC4E35F-65A1-4045-9DAA-7E379F309E03}.Debug|Mixed Platforms.Build.0 = Debug|Any CPU
		{CFC4E35F-65A1-4045-9DAA-7E379F309E03}.Debug|Win32.ActiveCfg = Debug|Any CPU
		{CFC4E35F-65A1-4045-9DAA-7E379F309E03}.Release|Any CPU.ActiveCfg = Release|Any CPU
		{CFC4E35F-65A1-4045-9DAA-7E379F309E03}.Release|Any CPU.Build.0 = Release|Any CPU
		{CFC4E35F-65A1-4045-9DAA-7E379F309E03}.Release|Mixed Platforms.ActiveCfg = Release|Any CPU
		{CFC4E35F-65A1-4045-9DAA-7E379F309E03}.Release|Mixed Platforms.Build.0 = Release|Any CPU
		{CFC4E35F-65A1-4045-9DAA-7E379F309E03}.Release|Win32.ActiveCfg = Release|Any CPU
	EndGlobalSection
	GlobalSection(SolutionProperties) = preSolution
		HideSolutionNode = FALSE
	EndGlobalSection
EndGlobal
