
Microsoft Visual Studio Solution File, Format Version 11.00
# Visual Studio 2010
Project("{2150E333-8FDC-42A3-9474-1A3956D46DE8}") = "Solution Items", "Solution Items", "{03F8E121-DD20-425B-BFB2-1DAC7EE9E81C}"
	ProjectSection(SolutionItems) = preProject
		Local.testsettings = Local.testsettings
		test.vsmdi = test.vsmdi
		TraceAndTestImpact.testsettings = TraceAndTestImpact.testsettings
	EndProjectSection
EndProject
Project("{FAE04EC0-301F-11D3-BF4B-00C04F79EFBC}") = "EveTrader.Core", "EveTrader.Core\EveTrader.Core.csproj", "{AF60FE10-88C7-499F-86F3-7078BF22C156}"
EndProject
Project("{FAE04EC0-301F-11D3-BF4B-00C04F79EFBC}") = "EveTrader.Core.Test", "EveTrader.Core.Test\EveTrader.Core.Test.csproj", "{701A4AD2-9A50-46AA-A7E8-0CD659EBCE0B}"
EndProject
Project("{FAE04EC0-301F-11D3-BF4B-00C04F79EFBC}") = "EveTrader.Core.DataConverter", "EveTrader.Core.DataConverter\EveTrader.Core.DataConverter.csproj", "{FDA2F329-9062-48A2-AE08-65A3DEFC226B}"
EndProject
Project("{FAE04EC0-301F-11D3-BF4B-00C04F79EFBC}") = "WpfApplicationFramework", "Q:\Assembly\WpfApplicationFramework\WpfApplicationFramework\WpfApplicationFramework\WpfApplicationFramework.csproj", "{27B67DFE-0BF1-4435-B036-E4C083EAEA03}"
EndProject
Project("{FAE04EC0-301F-11D3-BF4B-00C04F79EFBC}") = "EveTrader.Core.DataConverter.Test", "EveTrader.Core.DataConverter.Test\EveTrader.Core.DataConverter.Test.csproj", "{F21709ED-82F8-41EF-9041-8C5A867C6534}"
EndProject
Project("{FAE04EC0-301F-11D3-BF4B-00C04F79EFBC}") = "EveTrader.Wpf", "EveTrader.Wpf\EveTrader.Wpf.csproj", "{EF465469-220C-4CDF-918D-07F7EFBA3794}"
EndProject
Global
	GlobalSection(TestCaseManagementSettings) = postSolution
		CategoryFile = test.vsmdi
	EndGlobalSection
	GlobalSection(SolutionConfigurationPlatforms) = preSolution
		Debug|Any CPU = Debug|Any CPU
		Release|Any CPU = Release|Any CPU
	EndGlobalSection
	GlobalSection(ProjectConfigurationPlatforms) = postSolution
		{AF60FE10-88C7-499F-86F3-7078BF22C156}.Debug|Any CPU.ActiveCfg = Debug|Any CPU
		{AF60FE10-88C7-499F-86F3-7078BF22C156}.Debug|Any CPU.Build.0 = Debug|Any CPU
		{AF60FE10-88C7-499F-86F3-7078BF22C156}.Release|Any CPU.ActiveCfg = Release|Any CPU
		{AF60FE10-88C7-499F-86F3-7078BF22C156}.Release|Any CPU.Build.0 = Release|Any CPU
		{701A4AD2-9A50-46AA-A7E8-0CD659EBCE0B}.Debug|Any CPU.ActiveCfg = Debug|Any CPU
		{701A4AD2-9A50-46AA-A7E8-0CD659EBCE0B}.Debug|Any CPU.Build.0 = Debug|Any CPU
		{701A4AD2-9A50-46AA-A7E8-0CD659EBCE0B}.Release|Any CPU.ActiveCfg = Release|Any CPU
		{701A4AD2-9A50-46AA-A7E8-0CD659EBCE0B}.Release|Any CPU.Build.0 = Release|Any CPU
		{FDA2F329-9062-48A2-AE08-65A3DEFC226B}.Debug|Any CPU.ActiveCfg = Debug|Any CPU
		{FDA2F329-9062-48A2-AE08-65A3DEFC226B}.Debug|Any CPU.Build.0 = Debug|Any CPU
		{FDA2F329-9062-48A2-AE08-65A3DEFC226B}.Release|Any CPU.ActiveCfg = Release|Any CPU
		{FDA2F329-9062-48A2-AE08-65A3DEFC226B}.Release|Any CPU.Build.0 = Release|Any CPU
		{27B67DFE-0BF1-4435-B036-E4C083EAEA03}.Debug|Any CPU.ActiveCfg = Debug|Any CPU
		{27B67DFE-0BF1-4435-B036-E4C083EAEA03}.Debug|Any CPU.Build.0 = Debug|Any CPU
		{27B67DFE-0BF1-4435-B036-E4C083EAEA03}.Release|Any CPU.ActiveCfg = Release|Any CPU
		{27B67DFE-0BF1-4435-B036-E4C083EAEA03}.Release|Any CPU.Build.0 = Release|Any CPU
		{F21709ED-82F8-41EF-9041-8C5A867C6534}.Debug|Any CPU.ActiveCfg = Debug|Any CPU
		{F21709ED-82F8-41EF-9041-8C5A867C6534}.Debug|Any CPU.Build.0 = Debug|Any CPU
		{F21709ED-82F8-41EF-9041-8C5A867C6534}.Release|Any CPU.ActiveCfg = Release|Any CPU
		{F21709ED-82F8-41EF-9041-8C5A867C6534}.Release|Any CPU.Build.0 = Release|Any CPU
		{EF465469-220C-4CDF-918D-07F7EFBA3794}.Debug|Any CPU.ActiveCfg = Debug|Any CPU
		{EF465469-220C-4CDF-918D-07F7EFBA3794}.Debug|Any CPU.Build.0 = Debug|Any CPU
		{EF465469-220C-4CDF-918D-07F7EFBA3794}.Release|Any CPU.ActiveCfg = Release|Any CPU
		{EF465469-220C-4CDF-918D-07F7EFBA3794}.Release|Any CPU.Build.0 = Release|Any CPU
	EndGlobalSection
	GlobalSection(SolutionProperties) = preSolution
		HideSolutionNode = FALSE
	EndGlobalSection
EndGlobal
